
Microsoft Visual Studio Solution File, Format Version 12.00
# Visual Studio 15
VisualStudioVersion = 15.0.26730.12
MinimumVisualStudioVersion = 10.0.40219.1
Project("{8BC9CEB8-8B4A-11D0-8D11-00A0C91BC942}") = "Voder2017", "Voder2017.vcxproj", "{FF6C0558-9B1E-4AA5-81F5-8643E926499E}"
EndProject
Global
	GlobalSection(SolutionConfigurationPlatforms) = preSolution
		Debug|x64 = Debug|x64
		Debug|x86 = Debug|x86
		Release|x64 = Release|x64
		Release|x86 = Release|x86
	EndGlobalSection
	GlobalSection(ProjectConfigurationPlatforms) = postSolution
		{FF6C0558-9B1E-4AA5-81F5-8643E926499E}.Debug|x64.ActiveCfg = Debug|x64
		{FF6C0558-9B1E-4AA5-81F5-8643E926499E}.Debug|x64.Build.0 = Debug|x64
		{FF6C0558-9B1E-4AA5-81F5-8643E926499E}.Debug|x86.ActiveCfg = Debug|Win32
		{FF6C0558-9B1E-4AA5-81F5-8643E926499E}.Debug|x86.Build.0 = Debug|Win32
		{FF6C0558-9B1E-4AA5-81F5-8643E926499E}.Release|x64.ActiveCfg = Release|x64
		{FF6C0558-9B1E-4AA5-81F5-8643E926499E}.Release|x64.Build.0 = Release|x64
		{FF6C0558-9B1E-4AA5-81F5-8643E926499E}.Release|x86.ActiveCfg = Release|Win32
		{FF6C0558-9B1E-4AA5-81F5-8643E926499E}.Release|x86.Build.0 = Release|Win32
	EndGlobalSection
	GlobalSection(SolutionProperties) = preSolution
		HideSolutionNode = FALSE
	EndGlobalSection
	GlobalSection(ExtensibilityGlobals) = postSolution
		SolutionGuid = {2407E13F-9EF1-4658-82FF-A50B9421E7EF}
	EndGlobalSection
EndGlobal
